// !$*UTF8*$!
{
	archiveVersion = 1;
	classes = {
	};
	objectVersion = 56;
	objects = {

/* Begin PBXBuildFile section */
		019E1302691413CA7FA7E91C /* Pods_Movix_MovixUITests.framework in Frameworks */ = {isa = PBXBuildFile; fileRef = 961A7714C19E439C4A8C284D /* Pods_Movix_MovixUITests.framework */; };
		0DEF3369D512264F0F54E452 /* Pods_Movix.framework in Frameworks */ = {isa = PBXBuildFile; fileRef = 813D10644D8BE326EE9348FA /* Pods_Movix.framework */; };
		10E9019C7973390192ED78D0 /* Pods_MovixTests.framework in Frameworks */ = {isa = PBXBuildFile; fileRef = 4A3C8CC04065D8C3563254A2 /* Pods_MovixTests.framework */; };
		980CF5372C54897100C96C70 /* AppDelegate.swift in Sources */ = {isa = PBXBuildFile; fileRef = 980CF5362C54897100C96C70 /* AppDelegate.swift */; };
		980CF53B2C54897100C96C70 /* MovieListViewController.swift in Sources */ = {isa = PBXBuildFile; fileRef = 980CF53A2C54897100C96C70 /* MovieListViewController.swift */; };
		980CF53E2C54897100C96C70 /* Base in Resources */ = {isa = PBXBuildFile; fileRef = 980CF53D2C54897100C96C70 /* Base */; };
		980CF5402C54897200C96C70 /* Assets.xcassets in Resources */ = {isa = PBXBuildFile; fileRef = 980CF53F2C54897200C96C70 /* Assets.xcassets */; };
		980CF5432C54897200C96C70 /* Base in Resources */ = {isa = PBXBuildFile; fileRef = 980CF5422C54897200C96C70 /* Base */; };
		980CF54E2C54897200C96C70 /* MovixTests.swift in Sources */ = {isa = PBXBuildFile; fileRef = 980CF54D2C54897200C96C70 /* MovixTests.swift */; };
		980CF5582C54897200C96C70 /* MovixUITests.swift in Sources */ = {isa = PBXBuildFile; fileRef = 980CF5572C54897200C96C70 /* MovixUITests.swift */; };
		980CF55A2C54897200C96C70 /* MovixUITestsLaunchTests.swift in Sources */ = {isa = PBXBuildFile; fileRef = 980CF5592C54897200C96C70 /* MovixUITestsLaunchTests.swift */; };
		980CF5722C54987500C96C70 /* Movie.swift in Sources */ = {isa = PBXBuildFile; fileRef = 980CF5712C54987500C96C70 /* Movie.swift */; };
		980CF5742C549A2000C96C70 /* MovieAPI.swift in Sources */ = {isa = PBXBuildFile; fileRef = 980CF5732C549A2000C96C70 /* MovieAPI.swift */; };
		980CF5772C549D9000C96C70 /* APIClient.swift in Sources */ = {isa = PBXBuildFile; fileRef = 980CF5762C549D9000C96C70 /* APIClient.swift */; };
		980CF57E2C54AA1100C96C70 /* MovieRepository.swift in Sources */ = {isa = PBXBuildFile; fileRef = 980CF57D2C54AA1100C96C70 /* MovieRepository.swift */; };
		980CF5802C54ABA300C96C70 /* FetchPopularMovies.swift in Sources */ = {isa = PBXBuildFile; fileRef = 980CF57F2C54ABA300C96C70 /* FetchPopularMovies.swift */; };
		980CF5822C54AD5C00C96C70 /* MovieListViewModel.swift in Sources */ = {isa = PBXBuildFile; fileRef = 980CF5812C54AD5C00C96C70 /* MovieListViewModel.swift */; };
		980CF5842C54B4A100C96C70 /* DependencyInjector.swift in Sources */ = {isa = PBXBuildFile; fileRef = 980CF5832C54B4A100C96C70 /* DependencyInjector.swift */; };
		980CF5862C54B8B600C96C70 /* FetchMovieDetails.swift in Sources */ = {isa = PBXBuildFile; fileRef = 980CF5852C54B8B600C96C70 /* FetchMovieDetails.swift */; };
		980CF5882C54BC7F00C96C70 /* MovieDetailViewModel.swift in Sources */ = {isa = PBXBuildFile; fileRef = 980CF5872C54BC7F00C96C70 /* MovieDetailViewModel.swift */; };
		980CF58A2C54C0BB00C96C70 /* MovieDetailViewController.swift in Sources */ = {isa = PBXBuildFile; fileRef = 980CF5892C54C0BB00C96C70 /* MovieDetailViewController.swift */; };
		9864065E2C555DE500D91B2E /* MovieGridCollectionViewCell.swift in Sources */ = {isa = PBXBuildFile; fileRef = 9864065C2C555DE500D91B2E /* MovieGridCollectionViewCell.swift */; };
		9864065F2C555DE500D91B2E /* MovieGridCollectionViewCell.xib in Resources */ = {isa = PBXBuildFile; fileRef = 9864065D2C555DE500D91B2E /* MovieGridCollectionViewCell.xib */; };
		986406622C555EA900D91B2E /* MovieListCollectionViewCell.swift in Sources */ = {isa = PBXBuildFile; fileRef = 986406602C555EA900D91B2E /* MovieListCollectionViewCell.swift */; };
		986406632C555EA900D91B2E /* MovieListCollectionViewCell.xib in Resources */ = {isa = PBXBuildFile; fileRef = 986406612C555EA900D91B2E /* MovieListCollectionViewCell.xib */; };
		98D566982C55D51C00B44E9E /* CoreDataManager.swift in Sources */ = {isa = PBXBuildFile; fileRef = 98D566972C55D51C00B44E9E /* CoreDataManager.swift */; };
		98D5669A2C55D57300B44E9E /* CoreDataHelper.swift in Sources */ = {isa = PBXBuildFile; fileRef = 98D566992C55D57300B44E9E /* CoreDataHelper.swift */; };
		98D5669D2C55D64E00B44E9E /* MoviesModel.xcdatamodeld in Sources */ = {isa = PBXBuildFile; fileRef = 98D5669B2C55D64E00B44E9E /* MoviesModel.xcdatamodeld */; };
/* End PBXBuildFile section */

/* Begin PBXContainerItemProxy section */
		980CF54A2C54897200C96C70 /* PBXContainerItemProxy */ = {
			isa = PBXContainerItemProxy;
			containerPortal = 980CF52B2C54897100C96C70 /* Project object */;
			proxyType = 1;
			remoteGlobalIDString = 980CF5322C54897100C96C70;
			remoteInfo = Movix;
		};
		980CF5542C54897200C96C70 /* PBXContainerItemProxy */ = {
			isa = PBXContainerItemProxy;
			containerPortal = 980CF52B2C54897100C96C70 /* Project object */;
			proxyType = 1;
			remoteGlobalIDString = 980CF5322C54897100C96C70;
			remoteInfo = Movix;
		};
/* End PBXContainerItemProxy section */

/* Begin PBXFileReference section */
		2D1B6101FA604960B11DD74F /* Pods-Movix.release.xcconfig */ = {isa = PBXFileReference; includeInIndex = 1; lastKnownFileType = text.xcconfig; name = "Pods-Movix.release.xcconfig"; path = "Target Support Files/Pods-Movix/Pods-Movix.release.xcconfig"; sourceTree = "<group>"; };
		4A3C8CC04065D8C3563254A2 /* Pods_MovixTests.framework */ = {isa = PBXFileReference; explicitFileType = wrapper.framework; includeInIndex = 0; path = Pods_MovixTests.framework; sourceTree = BUILT_PRODUCTS_DIR; };
		4E5188FC50DF30AC63132BCB /* Pods-Movix.debug.xcconfig */ = {isa = PBXFileReference; includeInIndex = 1; lastKnownFileType = text.xcconfig; name = "Pods-Movix.debug.xcconfig"; path = "Target Support Files/Pods-Movix/Pods-Movix.debug.xcconfig"; sourceTree = "<group>"; };
		596439A1D52A1A32953939A5 /* Pods-MovixTests.release.xcconfig */ = {isa = PBXFileReference; includeInIndex = 1; lastKnownFileType = text.xcconfig; name = "Pods-MovixTests.release.xcconfig"; path = "Target Support Files/Pods-MovixTests/Pods-MovixTests.release.xcconfig"; sourceTree = "<group>"; };
		813D10644D8BE326EE9348FA /* Pods_Movix.framework */ = {isa = PBXFileReference; explicitFileType = wrapper.framework; includeInIndex = 0; path = Pods_Movix.framework; sourceTree = BUILT_PRODUCTS_DIR; };
		961A7714C19E439C4A8C284D /* Pods_Movix_MovixUITests.framework */ = {isa = PBXFileReference; explicitFileType = wrapper.framework; includeInIndex = 0; path = Pods_Movix_MovixUITests.framework; sourceTree = BUILT_PRODUCTS_DIR; };
		980CF5332C54897100C96C70 /* Movix.app */ = {isa = PBXFileReference; explicitFileType = wrapper.application; includeInIndex = 0; path = Movix.app; sourceTree = BUILT_PRODUCTS_DIR; };
		980CF5362C54897100C96C70 /* AppDelegate.swift */ = {isa = PBXFileReference; lastKnownFileType = sourcecode.swift; path = AppDelegate.swift; sourceTree = "<group>"; };
		980CF53A2C54897100C96C70 /* MovieListViewController.swift */ = {isa = PBXFileReference; lastKnownFileType = sourcecode.swift; path = MovieListViewController.swift; sourceTree = "<group>"; };
		980CF53D2C54897100C96C70 /* Base */ = {isa = PBXFileReference; lastKnownFileType = file.storyboard; name = Base; path = Base.lproj/Main.storyboard; sourceTree = "<group>"; };
		980CF53F2C54897200C96C70 /* Assets.xcassets */ = {isa = PBXFileReference; lastKnownFileType = folder.assetcatalog; path = Assets.xcassets; sourceTree = "<group>"; };
		980CF5422C54897200C96C70 /* Base */ = {isa = PBXFileReference; lastKnownFileType = file.storyboard; name = Base; path = Base.lproj/LaunchScreen.storyboard; sourceTree = "<group>"; };
		980CF5492C54897200C96C70 /* MovixTests.xctest */ = {isa = PBXFileReference; explicitFileType = wrapper.cfbundle; includeInIndex = 0; path = MovixTests.xctest; sourceTree = BUILT_PRODUCTS_DIR; };
		980CF54D2C54897200C96C70 /* MovixTests.swift */ = {isa = PBXFileReference; lastKnownFileType = sourcecode.swift; path = MovixTests.swift; sourceTree = "<group>"; };
		980CF5532C54897200C96C70 /* MovixUITests.xctest */ = {isa = PBXFileReference; explicitFileType = wrapper.cfbundle; includeInIndex = 0; path = MovixUITests.xctest; sourceTree = BUILT_PRODUCTS_DIR; };
		980CF5572C54897200C96C70 /* MovixUITests.swift */ = {isa = PBXFileReference; lastKnownFileType = sourcecode.swift; path = MovixUITests.swift; sourceTree = "<group>"; };
		980CF5592C54897200C96C70 /* MovixUITestsLaunchTests.swift */ = {isa = PBXFileReference; lastKnownFileType = sourcecode.swift; path = MovixUITestsLaunchTests.swift; sourceTree = "<group>"; };
		980CF5712C54987500C96C70 /* Movie.swift */ = {isa = PBXFileReference; lastKnownFileType = sourcecode.swift; path = Movie.swift; sourceTree = "<group>"; };
		980CF5732C549A2000C96C70 /* MovieAPI.swift */ = {isa = PBXFileReference; lastKnownFileType = sourcecode.swift; path = MovieAPI.swift; sourceTree = "<group>"; };
		980CF5752C549CEC00C96C70 /* Config.xcconfig */ = {isa = PBXFileReference; lastKnownFileType = text.xcconfig; path = Config.xcconfig; sourceTree = "<group>"; };
		980CF5762C549D9000C96C70 /* APIClient.swift */ = {isa = PBXFileReference; lastKnownFileType = sourcecode.swift; path = APIClient.swift; sourceTree = "<group>"; };
		980CF57A2C54A41C00C96C70 /* Info.plist */ = {isa = PBXFileReference; fileEncoding = 4; lastKnownFileType = text.plist.xml; name = Info.plist; path = "../../../Library/Mobile Documents/.Trash/Info.plist"; sourceTree = "<group>"; };
		980CF57D2C54AA1100C96C70 /* MovieRepository.swift */ = {isa = PBXFileReference; lastKnownFileType = sourcecode.swift; path = MovieRepository.swift; sourceTree = "<group>"; };
		980CF57F2C54ABA300C96C70 /* FetchPopularMovies.swift */ = {isa = PBXFileReference; lastKnownFileType = sourcecode.swift; path = FetchPopularMovies.swift; sourceTree = "<group>"; };
		980CF5812C54AD5C00C96C70 /* MovieListViewModel.swift */ = {isa = PBXFileReference; lastKnownFileType = sourcecode.swift; path = MovieListViewModel.swift; sourceTree = "<group>"; };
		980CF5832C54B4A100C96C70 /* DependencyInjector.swift */ = {isa = PBXFileReference; lastKnownFileType = sourcecode.swift; path = DependencyInjector.swift; sourceTree = "<group>"; };
		980CF5852C54B8B600C96C70 /* FetchMovieDetails.swift */ = {isa = PBXFileReference; lastKnownFileType = sourcecode.swift; path = FetchMovieDetails.swift; sourceTree = "<group>"; };
		980CF5872C54BC7F00C96C70 /* MovieDetailViewModel.swift */ = {isa = PBXFileReference; lastKnownFileType = sourcecode.swift; path = MovieDetailViewModel.swift; sourceTree = "<group>"; };
		980CF5892C54C0BB00C96C70 /* MovieDetailViewController.swift */ = {isa = PBXFileReference; lastKnownFileType = sourcecode.swift; path = MovieDetailViewController.swift; sourceTree = "<group>"; };
		981371E82C553BB50079F4E9 /* Config-Example.xcconfig */ = {isa = PBXFileReference; lastKnownFileType = text.xcconfig; path = "Config-Example.xcconfig"; sourceTree = "<group>"; };
		9864065C2C555DE500D91B2E /* MovieGridCollectionViewCell.swift */ = {isa = PBXFileReference; lastKnownFileType = sourcecode.swift; path = MovieGridCollectionViewCell.swift; sourceTree = "<group>"; };
		9864065D2C555DE500D91B2E /* MovieGridCollectionViewCell.xib */ = {isa = PBXFileReference; lastKnownFileType = file.xib; path = MovieGridCollectionViewCell.xib; sourceTree = "<group>"; };
		986406602C555EA900D91B2E /* MovieListCollectionViewCell.swift */ = {isa = PBXFileReference; lastKnownFileType = sourcecode.swift; path = MovieListCollectionViewCell.swift; sourceTree = "<group>"; };
		986406612C555EA900D91B2E /* MovieListCollectionViewCell.xib */ = {isa = PBXFileReference; lastKnownFileType = file.xib; path = MovieListCollectionViewCell.xib; sourceTree = "<group>"; };
		98D566972C55D51C00B44E9E /* CoreDataManager.swift */ = {isa = PBXFileReference; lastKnownFileType = sourcecode.swift; path = CoreDataManager.swift; sourceTree = "<group>"; };
		98D566992C55D57300B44E9E /* CoreDataHelper.swift */ = {isa = PBXFileReference; lastKnownFileType = sourcecode.swift; path = CoreDataHelper.swift; sourceTree = "<group>"; };
		98D5669C2C55D64E00B44E9E /* MoviesModel.xcdatamodel */ = {isa = PBXFileReference; lastKnownFileType = wrapper.xcdatamodel; path = MoviesModel.xcdatamodel; sourceTree = "<group>"; };
		9D661FF78435E302CF8DA4F3 /* Pods-Movix-MovixUITests.release.xcconfig */ = {isa = PBXFileReference; includeInIndex = 1; lastKnownFileType = text.xcconfig; name = "Pods-Movix-MovixUITests.release.xcconfig"; path = "Target Support Files/Pods-Movix-MovixUITests/Pods-Movix-MovixUITests.release.xcconfig"; sourceTree = "<group>"; };
		B4197C24AE32157A4B3E65EE /* Pods-MovixTests.debug.xcconfig */ = {isa = PBXFileReference; includeInIndex = 1; lastKnownFileType = text.xcconfig; name = "Pods-MovixTests.debug.xcconfig"; path = "Target Support Files/Pods-MovixTests/Pods-MovixTests.debug.xcconfig"; sourceTree = "<group>"; };
		F0B19550E1198AD32CB9CD5D /* Pods-Movix-MovixUITests.debug.xcconfig */ = {isa = PBXFileReference; includeInIndex = 1; lastKnownFileType = text.xcconfig; name = "Pods-Movix-MovixUITests.debug.xcconfig"; path = "Target Support Files/Pods-Movix-MovixUITests/Pods-Movix-MovixUITests.debug.xcconfig"; sourceTree = "<group>"; };
/* End PBXFileReference section */

/* Begin PBXFrameworksBuildPhase section */
		980CF5302C54897100C96C70 /* Frameworks */ = {
			isa = PBXFrameworksBuildPhase;
			buildActionMask = 2147483647;
			files = (
				0DEF3369D512264F0F54E452 /* Pods_Movix.framework in Frameworks */,
			);
			runOnlyForDeploymentPostprocessing = 0;
		};
		980CF5462C54897200C96C70 /* Frameworks */ = {
			isa = PBXFrameworksBuildPhase;
			buildActionMask = 2147483647;
			files = (
				10E9019C7973390192ED78D0 /* Pods_MovixTests.framework in Frameworks */,
			);
			runOnlyForDeploymentPostprocessing = 0;
		};
		980CF5502C54897200C96C70 /* Frameworks */ = {
			isa = PBXFrameworksBuildPhase;
			buildActionMask = 2147483647;
			files = (
				019E1302691413CA7FA7E91C /* Pods_Movix_MovixUITests.framework in Frameworks */,
			);
			runOnlyForDeploymentPostprocessing = 0;
		};
/* End PBXFrameworksBuildPhase section */

/* Begin PBXGroup section */
		064EE0E6E932FEE90F444A09 /* Pods */ = {
			isa = PBXGroup;
			children = (
				4E5188FC50DF30AC63132BCB /* Pods-Movix.debug.xcconfig */,
				2D1B6101FA604960B11DD74F /* Pods-Movix.release.xcconfig */,
				F0B19550E1198AD32CB9CD5D /* Pods-Movix-MovixUITests.debug.xcconfig */,
				9D661FF78435E302CF8DA4F3 /* Pods-Movix-MovixUITests.release.xcconfig */,
				B4197C24AE32157A4B3E65EE /* Pods-MovixTests.debug.xcconfig */,
				596439A1D52A1A32953939A5 /* Pods-MovixTests.release.xcconfig */,
			);
			path = Pods;
			sourceTree = "<group>";
		};
		6D06103FF3FF691C291FFBDB /* Frameworks */ = {
			isa = PBXGroup;
			children = (
				813D10644D8BE326EE9348FA /* Pods_Movix.framework */,
				961A7714C19E439C4A8C284D /* Pods_Movix_MovixUITests.framework */,
				4A3C8CC04065D8C3563254A2 /* Pods_MovixTests.framework */,
			);
			name = Frameworks;
			sourceTree = "<group>";
		};
		980CF52A2C54897100C96C70 = {
			isa = PBXGroup;
			children = (
				980CF5352C54897100C96C70 /* Movix */,
				980CF54C2C54897200C96C70 /* MovixTests */,
				980CF5562C54897200C96C70 /* MovixUITests */,
				980CF5342C54897100C96C70 /* Products */,
				064EE0E6E932FEE90F444A09 /* Pods */,
				6D06103FF3FF691C291FFBDB /* Frameworks */,
			);
			sourceTree = "<group>";
		};
		980CF5342C54897100C96C70 /* Products */ = {
			isa = PBXGroup;
			children = (
				980CF5332C54897100C96C70 /* Movix.app */,
				980CF5492C54897200C96C70 /* MovixTests.xctest */,
				980CF5532C54897200C96C70 /* MovixUITests.xctest */,
			);
			name = Products;
			sourceTree = "<group>";
		};
		980CF5352C54897100C96C70 /* Movix */ = {
			isa = PBXGroup;
			children = (
				980CF57A2C54A41C00C96C70 /* Info.plist */,
				980CF56C2C54964500C96C70 /* Resources */,
				980CF56B2C54963A00C96C70 /* Presentation */,
				980CF56A2C54961D00C96C70 /* Domain */,
				980CF5672C5495F100C96C70 /* Data */,
				980CF5662C5495DE00C96C70 /* App */,
				980CF5752C549CEC00C96C70 /* Config.xcconfig */,
				981371E82C553BB50079F4E9 /* Config-Example.xcconfig */,
			);
			path = Movix;
			sourceTree = "<group>";
		};
		980CF54C2C54897200C96C70 /* MovixTests */ = {
			isa = PBXGroup;
			children = (
				980CF54D2C54897200C96C70 /* MovixTests.swift */,
			);
			path = MovixTests;
			sourceTree = "<group>";
		};
		980CF5562C54897200C96C70 /* MovixUITests */ = {
			isa = PBXGroup;
			children = (
				980CF5572C54897200C96C70 /* MovixUITests.swift */,
				980CF5592C54897200C96C70 /* MovixUITestsLaunchTests.swift */,
			);
			path = MovixUITests;
			sourceTree = "<group>";
		};
		980CF5662C5495DE00C96C70 /* App */ = {
			isa = PBXGroup;
			children = (
				980CF5362C54897100C96C70 /* AppDelegate.swift */,
				980CF5832C54B4A100C96C70 /* DependencyInjector.swift */,
			);
			path = App;
			sourceTree = "<group>";
		};
		980CF5672C5495F100C96C70 /* Data */ = {
			isa = PBXGroup;
			children = (
				98D566962C55D4F000B44E9E /* CoreData */,
				980CF5692C54960D00C96C70 /* Repository */,
				980CF5682C5495FE00C96C70 /* Networking */,
			);
			path = Data;
			sourceTree = "<group>";
		};
		980CF5682C5495FE00C96C70 /* Networking */ = {
			isa = PBXGroup;
			children = (
				980CF5732C549A2000C96C70 /* MovieAPI.swift */,
				980CF5762C549D9000C96C70 /* APIClient.swift */,
			);
			path = Networking;
			sourceTree = "<group>";
		};
		980CF5692C54960D00C96C70 /* Repository */ = {
			isa = PBXGroup;
			children = (
				980CF57D2C54AA1100C96C70 /* MovieRepository.swift */,
			);
			path = Repository;
			sourceTree = "<group>";
		};
		980CF56A2C54961D00C96C70 /* Domain */ = {
			isa = PBXGroup;
			children = (
				980CF5702C5496BB00C96C70 /* UseCases */,
				980CF56F2C5496A900C96C70 /* Entities */,
			);
			path = Domain;
			sourceTree = "<group>";
		};
		980CF56B2C54963A00C96C70 /* Presentation */ = {
			isa = PBXGroup;
			children = (
				980CF56E2C54968F00C96C70 /* ViewModels */,
				980CF56D2C54967600C96C70 /* Views */,
			);
			path = Presentation;
			sourceTree = "<group>";
		};
		980CF56C2C54964500C96C70 /* Resources */ = {
			isa = PBXGroup;
			children = (
				980CF5412C54897200C96C70 /* LaunchScreen.storyboard */,
				980CF53F2C54897200C96C70 /* Assets.xcassets */,
			);
			path = Resources;
			sourceTree = "<group>";
		};
		980CF56D2C54967600C96C70 /* Views */ = {
			isa = PBXGroup;
			children = (
				9864065B2C555DB900D91B2E /* Cells */,
				980CF53A2C54897100C96C70 /* MovieListViewController.swift */,
				980CF5892C54C0BB00C96C70 /* MovieDetailViewController.swift */,
				980CF53C2C54897100C96C70 /* Main.storyboard */,
			);
			path = Views;
			sourceTree = "<group>";
		};
		980CF56E2C54968F00C96C70 /* ViewModels */ = {
			isa = PBXGroup;
			children = (
				980CF5812C54AD5C00C96C70 /* MovieListViewModel.swift */,
				980CF5872C54BC7F00C96C70 /* MovieDetailViewModel.swift */,
			);
			path = ViewModels;
			sourceTree = "<group>";
		};
		980CF56F2C5496A900C96C70 /* Entities */ = {
			isa = PBXGroup;
			children = (
				980CF5712C54987500C96C70 /* Movie.swift */,
			);
			path = Entities;
			sourceTree = "<group>";
		};
		980CF5702C5496BB00C96C70 /* UseCases */ = {
			isa = PBXGroup;
			children = (
				980CF5852C54B8B600C96C70 /* FetchMovieDetails.swift */,
				980CF57F2C54ABA300C96C70 /* FetchPopularMovies.swift */,
			);
			path = UseCases;
			sourceTree = "<group>";
		};
		9864065B2C555DB900D91B2E /* Cells */ = {
			isa = PBXGroup;
			children = (
				9864065C2C555DE500D91B2E /* MovieGridCollectionViewCell.swift */,
				9864065D2C555DE500D91B2E /* MovieGridCollectionViewCell.xib */,
				986406602C555EA900D91B2E /* MovieListCollectionViewCell.swift */,
				986406612C555EA900D91B2E /* MovieListCollectionViewCell.xib */,
			);
			path = Cells;
			sourceTree = "<group>";
		};
		98D566962C55D4F000B44E9E /* CoreData */ = {
			isa = PBXGroup;
			children = (
				98D5669B2C55D64E00B44E9E /* MoviesModel.xcdatamodeld */,
				98D566972C55D51C00B44E9E /* CoreDataManager.swift */,
				98D566992C55D57300B44E9E /* CoreDataHelper.swift */,
			);
			path = CoreData;
			sourceTree = "<group>";
		};
/* End PBXGroup section */

/* Begin PBXNativeTarget section */
		980CF5322C54897100C96C70 /* Movix */ = {
			isa = PBXNativeTarget;
			buildConfigurationList = 980CF55D2C54897200C96C70 /* Build configuration list for PBXNativeTarget "Movix" */;
			buildPhases = (
				AA2D8A89CDC93E34922FE42C /* [CP] Check Pods Manifest.lock */,
				980CF52F2C54897100C96C70 /* Sources */,
				980CF5302C54897100C96C70 /* Frameworks */,
				980CF5312C54897100C96C70 /* Resources */,
				F31747BAC44A41B6DD90739F /* [CP] Embed Pods Frameworks */,
			);
			buildRules = (
			);
			dependencies = (
			);
			name = Movix;
			productName = Movix;
			productReference = 980CF5332C54897100C96C70 /* Movix.app */;
			productType = "com.apple.product-type.application";
		};
		980CF5482C54897200C96C70 /* MovixTests */ = {
			isa = PBXNativeTarget;
			buildConfigurationList = 980CF5602C54897200C96C70 /* Build configuration list for PBXNativeTarget "MovixTests" */;
			buildPhases = (
				2E625E5A024845C8C30A628A /* [CP] Check Pods Manifest.lock */,
				980CF5452C54897200C96C70 /* Sources */,
				980CF5462C54897200C96C70 /* Frameworks */,
				980CF5472C54897200C96C70 /* Resources */,
			);
			buildRules = (
			);
			dependencies = (
				980CF54B2C54897200C96C70 /* PBXTargetDependency */,
			);
			name = MovixTests;
			productName = MovixTests;
			productReference = 980CF5492C54897200C96C70 /* MovixTests.xctest */;
			productType = "com.apple.product-type.bundle.unit-test";
		};
		980CF5522C54897200C96C70 /* MovixUITests */ = {
			isa = PBXNativeTarget;
			buildConfigurationList = 980CF5632C54897200C96C70 /* Build configuration list for PBXNativeTarget "MovixUITests" */;
			buildPhases = (
				6FB602702DC6F377F7115254 /* [CP] Check Pods Manifest.lock */,
				980CF54F2C54897200C96C70 /* Sources */,
				980CF5502C54897200C96C70 /* Frameworks */,
				980CF5512C54897200C96C70 /* Resources */,
				0C0E978C74C0868D8CF636ED /* [CP] Embed Pods Frameworks */,
			);
			buildRules = (
			);
			dependencies = (
				980CF5552C54897200C96C70 /* PBXTargetDependency */,
			);
			name = MovixUITests;
			productName = MovixUITests;
			productReference = 980CF5532C54897200C96C70 /* MovixUITests.xctest */;
			productType = "com.apple.product-type.bundle.ui-testing";
		};
/* End PBXNativeTarget section */

/* Begin PBXProject section */
		980CF52B2C54897100C96C70 /* Project object */ = {
			isa = PBXProject;
			attributes = {
				BuildIndependentTargetsInParallel = 1;
				LastSwiftUpdateCheck = 1530;
				LastUpgradeCheck = 1530;
				TargetAttributes = {
					980CF5322C54897100C96C70 = {
						CreatedOnToolsVersion = 15.3;
					};
					980CF5482C54897200C96C70 = {
						CreatedOnToolsVersion = 15.3;
						TestTargetID = 980CF5322C54897100C96C70;
					};
					980CF5522C54897200C96C70 = {
						CreatedOnToolsVersion = 15.3;
						TestTargetID = 980CF5322C54897100C96C70;
					};
				};
			};
			buildConfigurationList = 980CF52E2C54897100C96C70 /* Build configuration list for PBXProject "Movix" */;
			compatibilityVersion = "Xcode 14.0";
			developmentRegion = en;
			hasScannedForEncodings = 0;
			knownRegions = (
				en,
				Base,
			);
			mainGroup = 980CF52A2C54897100C96C70;
			productRefGroup = 980CF5342C54897100C96C70 /* Products */;
			projectDirPath = "";
			projectRoot = "";
			targets = (
				980CF5322C54897100C96C70 /* Movix */,
				980CF5482C54897200C96C70 /* MovixTests */,
				980CF5522C54897200C96C70 /* MovixUITests */,
			);
		};
/* End PBXProject section */

/* Begin PBXResourcesBuildPhase section */
		980CF5312C54897100C96C70 /* Resources */ = {
			isa = PBXResourcesBuildPhase;
			buildActionMask = 2147483647;
			files = (
				980CF5402C54897200C96C70 /* Assets.xcassets in Resources */,
				9864065F2C555DE500D91B2E /* MovieGridCollectionViewCell.xib in Resources */,
				980CF5432C54897200C96C70 /* Base in Resources */,
				980CF53E2C54897100C96C70 /* Base in Resources */,
				986406632C555EA900D91B2E /* MovieListCollectionViewCell.xib in Resources */,
			);
			runOnlyForDeploymentPostprocessing = 0;
		};
		980CF5472C54897200C96C70 /* Resources */ = {
			isa = PBXResourcesBuildPhase;
			buildActionMask = 2147483647;
			files = (
			);
			runOnlyForDeploymentPostprocessing = 0;
		};
		980CF5512C54897200C96C70 /* Resources */ = {
			isa = PBXResourcesBuildPhase;
			buildActionMask = 2147483647;
			files = (
			);
			runOnlyForDeploymentPostprocessing = 0;
		};
/* End PBXResourcesBuildPhase section */

/* Begin PBXShellScriptBuildPhase section */
		0C0E978C74C0868D8CF636ED /* [CP] Embed Pods Frameworks */ = {
			isa = PBXShellScriptBuildPhase;
			buildActionMask = 2147483647;
			files = (
			);
			inputFileListPaths = (
				"${PODS_ROOT}/Target Support Files/Pods-Movix-MovixUITests/Pods-Movix-MovixUITests-frameworks-${CONFIGURATION}-input-files.xcfilelist",
			);
			name = "[CP] Embed Pods Frameworks";
			outputFileListPaths = (
				"${PODS_ROOT}/Target Support Files/Pods-Movix-MovixUITests/Pods-Movix-MovixUITests-frameworks-${CONFIGURATION}-output-files.xcfilelist",
			);
			runOnlyForDeploymentPostprocessing = 0;
			shellPath = /bin/sh;
			shellScript = "\"${PODS_ROOT}/Target Support Files/Pods-Movix-MovixUITests/Pods-Movix-MovixUITests-frameworks.sh\"\n";
			showEnvVarsInLog = 0;
		};
		2E625E5A024845C8C30A628A /* [CP] Check Pods Manifest.lock */ = {
			isa = PBXShellScriptBuildPhase;
			buildActionMask = 2147483647;
			files = (
			);
			inputFileListPaths = (
			);
			inputPaths = (
				"${PODS_PODFILE_DIR_PATH}/Podfile.lock",
				"${PODS_ROOT}/Manifest.lock",
			);
			name = "[CP] Check Pods Manifest.lock";
			outputFileListPaths = (
			);
			outputPaths = (
				"$(DERIVED_FILE_DIR)/Pods-MovixTests-checkManifestLockResult.txt",
			);
			runOnlyForDeploymentPostprocessing = 0;
			shellPath = /bin/sh;
			shellScript = "diff \"${PODS_PODFILE_DIR_PATH}/Podfile.lock\" \"${PODS_ROOT}/Manifest.lock\" > /dev/null\nif [ $? != 0 ] ; then\n    # print error to STDERR\n    echo \"error: The sandbox is not in sync with the Podfile.lock. Run 'pod install' or update your CocoaPods installation.\" >&2\n    exit 1\nfi\n# This output is used by Xcode 'outputs' to avoid re-running this script phase.\necho \"SUCCESS\" > \"${SCRIPT_OUTPUT_FILE_0}\"\n";
			showEnvVarsInLog = 0;
		};
		6FB602702DC6F377F7115254 /* [CP] Check Pods Manifest.lock */ = {
			isa = PBXShellScriptBuildPhase;
			buildActionMask = 2147483647;
			files = (
			);
			inputFileListPaths = (
			);
			inputPaths = (
				"${PODS_PODFILE_DIR_PATH}/Podfile.lock",
				"${PODS_ROOT}/Manifest.lock",
			);
			name = "[CP] Check Pods Manifest.lock";
			outputFileListPaths = (
			);
			outputPaths = (
				"$(DERIVED_FILE_DIR)/Pods-Movix-MovixUITests-checkManifestLockResult.txt",
			);
			runOnlyForDeploymentPostprocessing = 0;
			shellPath = /bin/sh;
			shellScript = "diff \"${PODS_PODFILE_DIR_PATH}/Podfile.lock\" \"${PODS_ROOT}/Manifest.lock\" > /dev/null\nif [ $? != 0 ] ; then\n    # print error to STDERR\n    echo \"error: The sandbox is not in sync with the Podfile.lock. Run 'pod install' or update your CocoaPods installation.\" >&2\n    exit 1\nfi\n# This output is used by Xcode 'outputs' to avoid re-running this script phase.\necho \"SUCCESS\" > \"${SCRIPT_OUTPUT_FILE_0}\"\n";
			showEnvVarsInLog = 0;
		};
		AA2D8A89CDC93E34922FE42C /* [CP] Check Pods Manifest.lock */ = {
			isa = PBXShellScriptBuildPhase;
			buildActionMask = 2147483647;
			files = (
			);
			inputFileListPaths = (
			);
			inputPaths = (
				"${PODS_PODFILE_DIR_PATH}/Podfile.lock",
				"${PODS_ROOT}/Manifest.lock",
			);
			name = "[CP] Check Pods Manifest.lock";
			outputFileListPaths = (
			);
			outputPaths = (
				"$(DERIVED_FILE_DIR)/Pods-Movix-checkManifestLockResult.txt",
			);
			runOnlyForDeploymentPostprocessing = 0;
			shellPath = /bin/sh;
			shellScript = "diff \"${PODS_PODFILE_DIR_PATH}/Podfile.lock\" \"${PODS_ROOT}/Manifest.lock\" > /dev/null\nif [ $? != 0 ] ; then\n    # print error to STDERR\n    echo \"error: The sandbox is not in sync with the Podfile.lock. Run 'pod install' or update your CocoaPods installation.\" >&2\n    exit 1\nfi\n# This output is used by Xcode 'outputs' to avoid re-running this script phase.\necho \"SUCCESS\" > \"${SCRIPT_OUTPUT_FILE_0}\"\n";
			showEnvVarsInLog = 0;
		};
		F31747BAC44A41B6DD90739F /* [CP] Embed Pods Frameworks */ = {
			isa = PBXShellScriptBuildPhase;
			buildActionMask = 2147483647;
			files = (
			);
			inputFileListPaths = (
				"${PODS_ROOT}/Target Support Files/Pods-Movix/Pods-Movix-frameworks-${CONFIGURATION}-input-files.xcfilelist",
			);
			name = "[CP] Embed Pods Frameworks";
			outputFileListPaths = (
				"${PODS_ROOT}/Target Support Files/Pods-Movix/Pods-Movix-frameworks-${CONFIGURATION}-output-files.xcfilelist",
			);
			runOnlyForDeploymentPostprocessing = 0;
			shellPath = /bin/sh;
			shellScript = "\"${PODS_ROOT}/Target Support Files/Pods-Movix/Pods-Movix-frameworks.sh\"\n";
			showEnvVarsInLog = 0;
		};
/* End PBXShellScriptBuildPhase section */

/* Begin PBXSourcesBuildPhase section */
		980CF52F2C54897100C96C70 /* Sources */ = {
			isa = PBXSourcesBuildPhase;
			buildActionMask = 2147483647;
			files = (
				980CF53B2C54897100C96C70 /* MovieListViewController.swift in Sources */,
				980CF5842C54B4A100C96C70 /* DependencyInjector.swift in Sources */,
				98D5669A2C55D57300B44E9E /* CoreDataHelper.swift in Sources */,
				9864065E2C555DE500D91B2E /* MovieGridCollectionViewCell.swift in Sources */,
				98D566982C55D51C00B44E9E /* CoreDataManager.swift in Sources */,
				980CF5372C54897100C96C70 /* AppDelegate.swift in Sources */,
				980CF57E2C54AA1100C96C70 /* MovieRepository.swift in Sources */,
				980CF58A2C54C0BB00C96C70 /* MovieDetailViewController.swift in Sources */,
				980CF5862C54B8B600C96C70 /* FetchMovieDetails.swift in Sources */,
				986406622C555EA900D91B2E /* MovieListCollectionViewCell.swift in Sources */,
				980CF5822C54AD5C00C96C70 /* MovieListViewModel.swift in Sources */,
				980CF5882C54BC7F00C96C70 /* MovieDetailViewModel.swift in Sources */,
				980CF5722C54987500C96C70 /* Movie.swift in Sources */,
				980CF5772C549D9000C96C70 /* APIClient.swift in Sources */,
				980CF5802C54ABA300C96C70 /* FetchPopularMovies.swift in Sources */,
				98D5669D2C55D64E00B44E9E /* MoviesModel.xcdatamodeld in Sources */,
				980CF5742C549A2000C96C70 /* MovieAPI.swift in Sources */,
			);
			runOnlyForDeploymentPostprocessing = 0;
		};
		980CF5452C54897200C96C70 /* Sources */ = {
			isa = PBXSourcesBuildPhase;
			buildActionMask = 2147483647;
			files = (
				980CF54E2C54897200C96C70 /* MovixTests.swift in Sources */,
			);
			runOnlyForDeploymentPostprocessing = 0;
		};
		980CF54F2C54897200C96C70 /* Sources */ = {
			isa = PBXSourcesBuildPhase;
			buildActionMask = 2147483647;
			files = (
				980CF55A2C54897200C96C70 /* MovixUITestsLaunchTests.swift in Sources */,
				980CF5582C54897200C96C70 /* MovixUITests.swift in Sources */,
			);
			runOnlyForDeploymentPostprocessing = 0;
		};
/* End PBXSourcesBuildPhase section */

/* Begin PBXTargetDependency section */
		980CF54B2C54897200C96C70 /* PBXTargetDependency */ = {
			isa = PBXTargetDependency;
			target = 980CF5322C54897100C96C70 /* Movix */;
			targetProxy = 980CF54A2C54897200C96C70 /* PBXContainerItemProxy */;
		};
		980CF5552C54897200C96C70 /* PBXTargetDependency */ = {
			isa = PBXTargetDependency;
			target = 980CF5322C54897100C96C70 /* Movix */;
			targetProxy = 980CF5542C54897200C96C70 /* PBXContainerItemProxy */;
		};
/* End PBXTargetDependency section */

/* Begin PBXVariantGroup section */
		980CF53C2C54897100C96C70 /* Main.storyboard */ = {
			isa = PBXVariantGroup;
			children = (
				980CF53D2C54897100C96C70 /* Base */,
			);
			name = Main.storyboard;
			sourceTree = "<group>";
		};
		980CF5412C54897200C96C70 /* LaunchScreen.storyboard */ = {
			isa = PBXVariantGroup;
			children = (
				980CF5422C54897200C96C70 /* Base */,
			);
			name = LaunchScreen.storyboard;
			sourceTree = "<group>";
		};
/* End PBXVariantGroup section */

/* Begin XCBuildConfiguration section */
		980CF55B2C54897200C96C70 /* Debug */ = {
			isa = XCBuildConfiguration;
			baseConfigurationReference = 980CF5752C549CEC00C96C70 /* Config.xcconfig */;
			buildSettings = {
				ALWAYS_SEARCH_USER_PATHS = NO;
				ASSETCATALOG_COMPILER_GENERATE_SWIFT_ASSET_SYMBOL_EXTENSIONS = YES;
				CLANG_ANALYZER_NONNULL = YES;
				CLANG_ANALYZER_NUMBER_OBJECT_CONVERSION = YES_AGGRESSIVE;
				CLANG_CXX_LANGUAGE_STANDARD = "gnu++20";
				CLANG_ENABLE_MODULES = YES;
				CLANG_ENABLE_OBJC_ARC = YES;
				CLANG_ENABLE_OBJC_WEAK = YES;
				CLANG_WARN_BLOCK_CAPTURE_AUTORELEASING = YES;
				CLANG_WARN_BOOL_CONVERSION = YES;
				CLANG_WARN_COMMA = YES;
				CLANG_WARN_CONSTANT_CONVERSION = YES;
				CLANG_WARN_DEPRECATED_OBJC_IMPLEMENTATIONS = YES;
				CLANG_WARN_DIRECT_OBJC_ISA_USAGE = YES_ERROR;
				CLANG_WARN_DOCUMENTATION_COMMENTS = YES;
				CLANG_WARN_EMPTY_BODY = YES;
				CLANG_WARN_ENUM_CONVERSION = YES;
				CLANG_WARN_INFINITE_RECURSION = YES;
				CLANG_WARN_INT_CONVERSION = YES;
				CLANG_WARN_NON_LITERAL_NULL_CONVERSION = YES;
				CLANG_WARN_OBJC_IMPLICIT_RETAIN_SELF = YES;
				CLANG_WARN_OBJC_LITERAL_CONVERSION = YES;
				CLANG_WARN_OBJC_ROOT_CLASS = YES_ERROR;
				CLANG_WARN_QUOTED_INCLUDE_IN_FRAMEWORK_HEADER = YES;
				CLANG_WARN_RANGE_LOOP_ANALYSIS = YES;
				CLANG_WARN_STRICT_PROTOTYPES = YES;
				CLANG_WARN_SUSPICIOUS_MOVE = YES;
				CLANG_WARN_UNGUARDED_AVAILABILITY = YES_AGGRESSIVE;
				CLANG_WARN_UNREACHABLE_CODE = YES;
				CLANG_WARN__DUPLICATE_METHOD_MATCH = YES;
				COPY_PHASE_STRIP = NO;
				DEBUG_INFORMATION_FORMAT = dwarf;
				ENABLE_STRICT_OBJC_MSGSEND = YES;
				ENABLE_TESTABILITY = YES;
				ENABLE_USER_SCRIPT_SANDBOXING = YES;
				GCC_C_LANGUAGE_STANDARD = gnu17;
				GCC_DYNAMIC_NO_PIC = NO;
				GCC_NO_COMMON_BLOCKS = YES;
				GCC_OPTIMIZATION_LEVEL = 0;
				GCC_PREPROCESSOR_DEFINITIONS = (
					"DEBUG=1",
					"$(inherited)",
				);
				GCC_WARN_64_TO_32_BIT_CONVERSION = YES;
				GCC_WARN_ABOUT_RETURN_TYPE = YES_ERROR;
				GCC_WARN_UNDECLARED_SELECTOR = YES;
				GCC_WARN_UNINITIALIZED_AUTOS = YES_AGGRESSIVE;
				GCC_WARN_UNUSED_FUNCTION = YES;
				GCC_WARN_UNUSED_VARIABLE = YES;
				IPHONEOS_DEPLOYMENT_TARGET = 17.4;
				LOCALIZATION_PREFERS_STRING_CATALOGS = YES;
				MTL_ENABLE_DEBUG_INFO = INCLUDE_SOURCE;
				MTL_FAST_MATH = YES;
				ONLY_ACTIVE_ARCH = YES;
				SDKROOT = iphoneos;
				SWIFT_ACTIVE_COMPILATION_CONDITIONS = "DEBUG $(inherited)";
				SWIFT_OPTIMIZATION_LEVEL = "-Onone";
			};
			name = Debug;
		};
		980CF55C2C54897200C96C70 /* Release */ = {
			isa = XCBuildConfiguration;
			baseConfigurationReference = 980CF5752C549CEC00C96C70 /* Config.xcconfig */;
			buildSettings = {
				ALWAYS_SEARCH_USER_PATHS = NO;
				ASSETCATALOG_COMPILER_GENERATE_SWIFT_ASSET_SYMBOL_EXTENSIONS = YES;
				CLANG_ANALYZER_NONNULL = YES;
				CLANG_ANALYZER_NUMBER_OBJECT_CONVERSION = YES_AGGRESSIVE;
				CLANG_CXX_LANGUAGE_STANDARD = "gnu++20";
				CLANG_ENABLE_MODULES = YES;
				CLANG_ENABLE_OBJC_ARC = YES;
				CLANG_ENABLE_OBJC_WEAK = YES;
				CLANG_WARN_BLOCK_CAPTURE_AUTORELEASING = YES;
				CLANG_WARN_BOOL_CONVERSION = YES;
				CLANG_WARN_COMMA = YES;
				CLANG_WARN_CONSTANT_CONVERSION = YES;
				CLANG_WARN_DEPRECATED_OBJC_IMPLEMENTATIONS = YES;
				CLANG_WARN_DIRECT_OBJC_ISA_USAGE = YES_ERROR;
				CLANG_WARN_DOCUMENTATION_COMMENTS = YES;
				CLANG_WARN_EMPTY_BODY = YES;
				CLANG_WARN_ENUM_CONVERSION = YES;
				CLANG_WARN_INFINITE_RECURSION = YES;
				CLANG_WARN_INT_CONVERSION = YES;
				CLANG_WARN_NON_LITERAL_NULL_CONVERSION = YES;
				CLANG_WARN_OBJC_IMPLICIT_RETAIN_SELF = YES;
				CLANG_WARN_OBJC_LITERAL_CONVERSION = YES;
				CLANG_WARN_OBJC_ROOT_CLASS = YES_ERROR;
				CLANG_WARN_QUOTED_INCLUDE_IN_FRAMEWORK_HEADER = YES;
				CLANG_WARN_RANGE_LOOP_ANALYSIS = YES;
				CLANG_WARN_STRICT_PROTOTYPES = YES;
				CLANG_WARN_SUSPICIOUS_MOVE = YES;
				CLANG_WARN_UNGUARDED_AVAILABILITY = YES_AGGRESSIVE;
				CLANG_WARN_UNREACHABLE_CODE = YES;
				CLANG_WARN__DUPLICATE_METHOD_MATCH = YES;
				COPY_PHASE_STRIP = NO;
				DEBUG_INFORMATION_FORMAT = "dwarf-with-dsym";
				ENABLE_NS_ASSERTIONS = NO;
				ENABLE_STRICT_OBJC_MSGSEND = YES;
				ENABLE_USER_SCRIPT_SANDBOXING = YES;
				GCC_C_LANGUAGE_STANDARD = gnu17;
				GCC_NO_COMMON_BLOCKS = YES;
				GCC_WARN_64_TO_32_BIT_CONVERSION = YES;
				GCC_WARN_ABOUT_RETURN_TYPE = YES_ERROR;
				GCC_WARN_UNDECLARED_SELECTOR = YES;
				GCC_WARN_UNINITIALIZED_AUTOS = YES_AGGRESSIVE;
				GCC_WARN_UNUSED_FUNCTION = YES;
				GCC_WARN_UNUSED_VARIABLE = YES;
				IPHONEOS_DEPLOYMENT_TARGET = 17.4;
				LOCALIZATION_PREFERS_STRING_CATALOGS = YES;
				MTL_ENABLE_DEBUG_INFO = NO;
				MTL_FAST_MATH = YES;
				SDKROOT = iphoneos;
				SWIFT_COMPILATION_MODE = wholemodule;
				VALIDATE_PRODUCT = YES;
			};
			name = Release;
		};
		980CF55E2C54897200C96C70 /* Debug */ = {
			isa = XCBuildConfiguration;
			baseConfigurationReference = 4E5188FC50DF30AC63132BCB /* Pods-Movix.debug.xcconfig */;
			buildSettings = {
				ASSETCATALOG_COMPILER_APPICON_NAME = AppIcon;
				ASSETCATALOG_COMPILER_GLOBAL_ACCENT_COLOR_NAME = AccentColor;
				CODE_SIGN_STYLE = Automatic;
				CURRENT_PROJECT_VERSION = 1;
				DEVELOPMENT_TEAM = 3G5Q3FRB94;
				ENABLE_USER_SCRIPT_SANDBOXING = NO;
				GENERATE_INFOPLIST_FILE = YES;
				INFOPLIST_FILE = Movix/Info.plist;
				INFOPLIST_KEY_LSApplicationCategoryType = "public.app-category.entertainment";
				INFOPLIST_KEY_UIApplicationSupportsIndirectInputEvents = YES;
				INFOPLIST_KEY_UILaunchStoryboardName = LaunchScreen;
				INFOPLIST_KEY_UIMainStoryboardFile = Main;
				INFOPLIST_KEY_UISupportedInterfaceOrientations = UIInterfaceOrientationPortrait;
				IPHONEOS_DEPLOYMENT_TARGET = 13.0;
				LD_RUNPATH_SEARCH_PATHS = (
					"$(inherited)",
					"@executable_path/Frameworks",
				);
				MARKETING_VERSION = 1.0;
				PRODUCT_BUNDLE_IDENTIFIER = app.Movix;
				PRODUCT_NAME = "$(TARGET_NAME)";
				SUPPORTED_PLATFORMS = "iphoneos iphonesimulator";
				SUPPORTS_MACCATALYST = NO;
				SUPPORTS_MAC_DESIGNED_FOR_IPHONE_IPAD = NO;
				SUPPORTS_XR_DESIGNED_FOR_IPHONE_IPAD = NO;
				SWIFT_EMIT_LOC_STRINGS = YES;
				SWIFT_VERSION = 5.0;
				TARGETED_DEVICE_FAMILY = 1;
			};
			name = Debug;
		};
		980CF55F2C54897200C96C70 /* Release */ = {
			isa = XCBuildConfiguration;
			baseConfigurationReference = 2D1B6101FA604960B11DD74F /* Pods-Movix.release.xcconfig */;
			buildSettings = {
				ASSETCATALOG_COMPILER_APPICON_NAME = AppIcon;
				ASSETCATALOG_COMPILER_GLOBAL_ACCENT_COLOR_NAME = AccentColor;
				CODE_SIGN_STYLE = Automatic;
				CURRENT_PROJECT_VERSION = 1;
				DEVELOPMENT_TEAM = 3G5Q3FRB94;
				ENABLE_USER_SCRIPT_SANDBOXING = NO;
				GENERATE_INFOPLIST_FILE = YES;
				INFOPLIST_FILE = Movix/Info.plist;
				INFOPLIST_KEY_LSApplicationCategoryType = "public.app-category.entertainment";
				INFOPLIST_KEY_UIApplicationSupportsIndirectInputEvents = YES;
				INFOPLIST_KEY_UILaunchStoryboardName = LaunchScreen;
				INFOPLIST_KEY_UIMainStoryboardFile = Main;
				INFOPLIST_KEY_UISupportedInterfaceOrientations = UIInterfaceOrientationPortrait;
				IPHONEOS_DEPLOYMENT_TARGET = 13.0;
				LD_RUNPATH_SEARCH_PATHS = (
					"$(inherited)",
					"@executable_path/Frameworks",
				);
				MARKETING_VERSION = 1.0;
				PRODUCT_BUNDLE_IDENTIFIER = app.Movix;
				PRODUCT_NAME = "$(TARGET_NAME)";
				SUPPORTED_PLATFORMS = "iphoneos iphonesimulator";
				SUPPORTS_MACCATALYST = NO;
				SUPPORTS_MAC_DESIGNED_FOR_IPHONE_IPAD = NO;
				SUPPORTS_XR_DESIGNED_FOR_IPHONE_IPAD = NO;
				SWIFT_EMIT_LOC_STRINGS = YES;
				SWIFT_VERSION = 5.0;
				TARGETED_DEVICE_FAMILY = 1;
			};
			name = Release;
		};
		980CF5612C54897200C96C70 /* Debug */ = {
			isa = XCBuildConfiguration;
			baseConfigurationReference = B4197C24AE32157A4B3E65EE /* Pods-MovixTests.debug.xcconfig */;
			buildSettings = {
				ALWAYS_EMBED_SWIFT_STANDARD_LIBRARIES = YES;
				BUNDLE_LOADER = "$(TEST_HOST)";
				CODE_SIGN_STYLE = Automatic;
				CURRENT_PROJECT_VERSION = 1;
				DEVELOPMENT_TEAM = 3G5Q3FRB94;
				GENERATE_INFOPLIST_FILE = YES;
				IPHONEOS_DEPLOYMENT_TARGET = 17.4;
				MARKETING_VERSION = 1.0;
				PRODUCT_BUNDLE_IDENTIFIER = app.MovixTests;
				PRODUCT_NAME = "$(TARGET_NAME)";
				SWIFT_EMIT_LOC_STRINGS = NO;
				SWIFT_VERSION = 5.0;
				TARGETED_DEVICE_FAMILY = "1,2";
				TEST_HOST = "$(BUILT_PRODUCTS_DIR)/Movix.app/$(BUNDLE_EXECUTABLE_FOLDER_PATH)/Movix";
			};
			name = Debug;
		};
		980CF5622C54897200C96C70 /* Release */ = {
			isa = XCBuildConfiguration;
			baseConfigurationReference = 596439A1D52A1A32953939A5 /* Pods-MovixTests.release.xcconfig */;
			buildSettings = {
				ALWAYS_EMBED_SWIFT_STANDARD_LIBRARIES = YES;
				BUNDLE_LOADER = "$(TEST_HOST)";
				CODE_SIGN_STYLE = Automatic;
				CURRENT_PROJECT_VERSION = 1;
				DEVELOPMENT_TEAM = 3G5Q3FRB94;
				GENERATE_INFOPLIST_FILE = YES;
				IPHONEOS_DEPLOYMENT_TARGET = 17.4;
				MARKETING_VERSION = 1.0;
				PRODUCT_BUNDLE_IDENTIFIER = app.MovixTests;
				PRODUCT_NAME = "$(TARGET_NAME)";
				SWIFT_EMIT_LOC_STRINGS = NO;
				SWIFT_VERSION = 5.0;
				TARGETED_DEVICE_FAMILY = "1,2";
				TEST_HOST = "$(BUILT_PRODUCTS_DIR)/Movix.app/$(BUNDLE_EXECUTABLE_FOLDER_PATH)/Movix";
			};
			name = Release;
		};
		980CF5642C54897200C96C70 /* Debug */ = {
			isa = XCBuildConfiguration;
			baseConfigurationReference = F0B19550E1198AD32CB9CD5D /* Pods-Movix-MovixUITests.debug.xcconfig */;
			buildSettings = {
				ALWAYS_EMBED_SWIFT_STANDARD_LIBRARIES = YES;
				CODE_SIGN_STYLE = Automatic;
				CURRENT_PROJECT_VERSION = 1;
				DEVELOPMENT_TEAM = 3G5Q3FRB94;
				GENERATE_INFOPLIST_FILE = YES;
				MARKETING_VERSION = 1.0;
				PRODUCT_BUNDLE_IDENTIFIER = app.MovixUITests;
				PRODUCT_NAME = "$(TARGET_NAME)";
				SWIFT_EMIT_LOC_STRINGS = NO;
				SWIFT_VERSION = 5.0;
				TARGETED_DEVICE_FAMILY = "1,2";
				TEST_TARGET_NAME = Movix;
			};
			name = Debug;
		};
		980CF5652C54897200C96C70 /* Release */ = {
			isa = XCBuildConfiguration;
			baseConfigurationReference = 9D661FF78435E302CF8DA4F3 /* Pods-Movix-MovixUITests.release.xcconfig */;
			buildSettings = {
				ALWAYS_EMBED_SWIFT_STANDARD_LIBRARIES = YES;
				CODE_SIGN_STYLE = Automatic;
				CURRENT_PROJECT_VERSION = 1;
				DEVELOPMENT_TEAM = 3G5Q3FRB94;
				GENERATE_INFOPLIST_FILE = YES;
				MARKETING_VERSION = 1.0;
				PRODUCT_BUNDLE_IDENTIFIER = app.MovixUITests;
				PRODUCT_NAME = "$(TARGET_NAME)";
				SWIFT_EMIT_LOC_STRINGS = NO;
				SWIFT_VERSION = 5.0;
				TARGETED_DEVICE_FAMILY = "1,2";
				TEST_TARGET_NAME = Movix;
			};
			name = Release;
		};
/* End XCBuildConfiguration section */

/* Begin XCConfigurationList section */
		980CF52E2C54897100C96C70 /* Build configuration list for PBXProject "Movix" */ = {
			isa = XCConfigurationList;
			buildConfigurations = (
				980CF55B2C54897200C96C70 /* Debug */,
				980CF55C2C54897200C96C70 /* Release */,
			);
			defaultConfigurationIsVisible = 0;
			defaultConfigurationName = Release;
		};
		980CF55D2C54897200C96C70 /* Build configuration list for PBXNativeTarget "Movix" */ = {
			isa = XCConfigurationList;
			buildConfigurations = (
				980CF55E2C54897200C96C70 /* Debug */,
				980CF55F2C54897200C96C70 /* Release */,
			);
			defaultConfigurationIsVisible = 0;
			defaultConfigurationName = Release;
		};
		980CF5602C54897200C96C70 /* Build configuration list for PBXNativeTarget "MovixTests" */ = {
			isa = XCConfigurationList;
			buildConfigurations = (
				980CF5612C54897200C96C70 /* Debug */,
				980CF5622C54897200C96C70 /* Release */,
			);
			defaultConfigurationIsVisible = 0;
			defaultConfigurationName = Release;
		};
		980CF5632C54897200C96C70 /* Build configuration list for PBXNativeTarget "MovixUITests" */ = {
			isa = XCConfigurationList;
			buildConfigurations = (
				980CF5642C54897200C96C70 /* Debug */,
				980CF5652C54897200C96C70 /* Release */,
			);
			defaultConfigurationIsVisible = 0;
			defaultConfigurationName = Release;
		};
/* End XCConfigurationList section */

/* Begin XCVersionGroup section */
		98D5669B2C55D64E00B44E9E /* MoviesModel.xcdatamodeld */ = {
			isa = XCVersionGroup;
			children = (
				98D5669C2C55D64E00B44E9E /* MoviesModel.xcdatamodel */,
			);
			currentVersion = 98D5669C2C55D64E00B44E9E /* MoviesModel.xcdatamodel */;
			name = MoviesModel.xcdatamodeld;
			path = /Users/enriquesanz/Documents/Movix/Movix/Data/CoreData/MoviesModel.xcdatamodeld;
			sourceTree = "<group>";
			versionGroupType = wrapper.xcdatamodel;
		};
/* End XCVersionGroup section */
	};
	rootObject = 980CF52B2C54897100C96C70 /* Project object */;
}
